<?xml version="1.0" encoding="utf-8"?>
<Project ToolsVersion="4.0" xmlns="http://schemas.microsoft.com/developer/msbuild/2003">
  <ItemGroup>
    <Filter Include="Source Files">
      <UniqueIdentifier>{4FC737F1-C7A5-4376-A066-2A32D752A2FF}</UniqueIdentifier>
      <Extensions>cpp;c;cc;cxx;c++;cppm;ixx;def;odl;idl;hpj;bat;asm;asmx</Extensions>
    </Filter>
    <Filter Include="Header Files">
      <UniqueIdentifier>{93995380-89BD-4b04-88EB-625FBE52EBFB}</UniqueIdentifier>
      <Extensions>h;hh;hpp;hxx;h++;hm;inl;inc;ipp;xsd</Extensions>
    </Filter>
    <Filter Include="Resource Files">
      <UniqueIdentifier>{67DA6AB6-F800-4c08-8B7A-83BB121AAD01}</UniqueIdentifier>
      <Extensions>rc;ico;cur;bmp;dlg;rc2;rct;bin;rgs;gif;jpg;jpeg;jpe;resx;tiff;tif;png;wav;mfcribbon-ms</Extensions>
    </Filter>
    <Filter Include="Source Files\Slyvina">
      <UniqueIdentifier>{6998aff7-f348-4d92-be90-71776ecbfb55}</UniqueIdentifier>
    </Filter>
    <Filter Include="Source Files\Slyvina\Units">
      <UniqueIdentifier>{67ea3517-c6b4-4727-8d0b-bd6200c21c74}</UniqueIdentifier>
    </Filter>
    <Filter Include="Source Files\Slyvina\TQSL">
      <UniqueIdentifier>{858994be-4746-42cf-a8fd-b660f723f520}</UniqueIdentifier>
    </Filter>
    <Filter Include="Source Files\Script">
      <UniqueIdentifier>{9353d3a4-3aee-4bba-bc76-436d54f2d252}</UniqueIdentifier>
    </Filter>
    <Filter Include="Source Files\Slyvina\JCR6">
      <UniqueIdentifier>{2b91d8f8-2c51-4406-9b32-8bba7598e89b}</UniqueIdentifier>
    </Filter>
    <Filter Include="Source Files\External">
      <UniqueIdentifier>{45208a2a-f4a0-4e02-80c5-e166b54681ca}</UniqueIdentifier>
    </Filter>
    <Filter Include="Source Files\External\SDL2">
      <UniqueIdentifier>{9c3f6007-b3fb-4aac-aa7e-81c45090c845}</UniqueIdentifier>
    </Filter>
    <Filter Include="Source Files\External\zlib">
      <UniqueIdentifier>{ad177a19-e29d-47f2-98ca-2b813ea339af}</UniqueIdentifier>
    </Filter>
    <Filter Include="Source Files\Slyvina\June19">
      <UniqueIdentifier>{b5e4accf-4e55-44cd-b29f-5db55f5c6902}</UniqueIdentifier>
    </Filter>
    <Filter Include="Source Files\Slyvina\Kitty">
      <UniqueIdentifier>{b96ad857-97a1-43b5-a921-61fb7df8de7d}</UniqueIdentifier>
    </Filter>
    <Filter Include="Header Files\Slyvina">
      <UniqueIdentifier>{362a90fd-291a-431c-8a15-e3d7fcce430d}</UniqueIdentifier>
    </Filter>
    <Filter Include="Header Files\Slyvina\Kitty">
      <UniqueIdentifier>{775c9e1a-3ce4-4176-870c-90a972624e86}</UniqueIdentifier>
    </Filter>
  </ItemGroup>
  <ItemGroup>
    <ClCompile Include="Gyermo_Main.cpp">
      <Filter>Source Files</Filter>
    </ClCompile>
    <ClCompile Include="..\..\..\Libs\Units\Source\SlyvAsk.cpp">
      <Filter>Source Files\Slyvina\Units</Filter>
    </ClCompile>
    <ClCompile Include="..\..\..\Libs\Units\Source\SlyvBank.cpp">
      <Filter>Source Files\Slyvina\Units</Filter>
    </ClCompile>
    <ClCompile Include="..\..\..\Libs\Units\Source\SlyvDir.cpp">
      <Filter>Source Files\Slyvina\Units</Filter>
    </ClCompile>
    <ClCompile Include="..\..\..\Libs\Units\Source\SlyvDirry.cpp">
      <Filter>Source Files\Slyvina\Units</Filter>
    </ClCompile>
    <ClCompile Include="..\..\..\Libs\Units\Source\SlyvMD5.cpp">
      <Filter>Source Files\Slyvina\Units</Filter>
    </ClCompile>
    <ClCompile Include="..\..\..\Libs\Units\Source\SlyvOpenURL.cpp">
      <Filter>Source Files\Slyvina\Units</Filter>
    </ClCompile>
    <ClCompile Include="..\..\..\Libs\Units\Source\SlyvQCol.cpp">
      <Filter>Source Files\Slyvina\Units</Filter>
    </ClCompile>
    <ClCompile Include="..\..\..\Libs\Units\Source\SlyvRoman.cpp">
      <Filter>Source Files\Slyvina\Units</Filter>
    </ClCompile>
    <ClCompile Include="..\..\..\Libs\Units\Source\SlyvSharedArray.cpp">
      <Filter>Source Files\Slyvina\Units</Filter>
    </ClCompile>
    <ClCompile Include="..\..\..\Libs\Units\Source\SlyvSTOI.cpp">
      <Filter>Source Files\Slyvina\Units</Filter>
    </ClCompile>
    <ClCompile Include="..\..\..\Libs\Units\Source\SlyvStream.cpp">
      <Filter>Source Files\Slyvina\Units</Filter>
    </ClCompile>
    <ClCompile Include="..\..\..\Libs\Units\Source\SlyvString.cpp">
      <Filter>Source Files\Slyvina\Units</Filter>
    </ClCompile>
    <ClCompile Include="..\..\..\Libs\Units\Source\SlyvTime.cpp">
      <Filter>Source Files\Slyvina\Units</Filter>
    </ClCompile>
    <ClCompile Include="..\..\..\Libs\Units\Source\SlyvVolumes.cpp">
      <Filter>Source Files\Slyvina\Units</Filter>
    </ClCompile>
    <ClCompile Include="Gyermo_Config.cpp">
      <Filter>Source Files</Filter>
    </ClCompile>
    <ClCompile Include="..\..\..\Libs\TQSL\Source\TQSA.cpp">
      <Filter>Source Files\Slyvina\TQSL</Filter>
    </ClCompile>
    <ClCompile Include="..\..\..\Libs\TQSL\Source\TQSE.cpp">
      <Filter>Source Files\Slyvina\TQSL</Filter>
    </ClCompile>
    <ClCompile Include="..\..\..\Libs\TQSL\Source\TQSG.cpp">
      <Filter>Source Files\Slyvina\TQSL</Filter>
    </ClCompile>
    <ClCompile Include="..\..\..\Libs\JCR6\Source\JCR6_Core.cpp">
      <Filter>Source Files\Slyvina\JCR6</Filter>
    </ClCompile>
    <ClCompile Include="..\..\..\Libs\JCR6\Source\JCR6_JQL.cpp">
      <Filter>Source Files\Slyvina\JCR6</Filter>
    </ClCompile>
    <ClCompile Include="..\..\..\Libs\JCR6\Source\JCR6_QuakePAK.cpp">
      <Filter>Source Files\Slyvina\JCR6</Filter>
    </ClCompile>
    <ClCompile Include="..\..\..\Libs\JCR6\Source\JCR6_RealDir.cpp">
      <Filter>Source Files\Slyvina\JCR6</Filter>
    </ClCompile>
    <ClCompile Include="..\..\..\Libs\JCR6\Source\JCR6_WAD.cpp">
      <Filter>Source Files\Slyvina\JCR6</Filter>
    </ClCompile>
    <ClCompile Include="..\..\..\Libs\JCR6\Source\JCR6_Westwood.cpp">
      <Filter>Source Files\Slyvina\JCR6</Filter>
    </ClCompile>
    <ClCompile Include="..\..\..\Libs\JCR6\Source\JCR6_Write.cpp">
      <Filter>Source Files\Slyvina\JCR6</Filter>
    </ClCompile>
    <ClCompile Include="..\..\..\Libs\JCR6\Source\JCR6_zlib.cpp">
      <Filter>Source Files\Slyvina\JCR6</Filter>
    </ClCompile>
    <ClCompile Include="Gyermo_GUI.cpp">
      <Filter>Source Files</Filter>
    </ClCompile>
    <ClCompile Include="..\..\..\Libs\June19\src\june19_button.cpp">
      <Filter>Source Files\Slyvina\June19</Filter>
    </ClCompile>
    <ClCompile Include="..\..\..\Libs\June19\src\june19_checkbox.cpp">
      <Filter>Source Files\Slyvina\June19</Filter>
    </ClCompile>
    <ClCompile Include="..\..\..\Libs\June19\src\june19_core.cpp">
      <Filter>Source Files\Slyvina\June19</Filter>
    </ClCompile>
    <ClCompile Include="..\..\..\Libs\June19\src\june19_label.cpp">
      <Filter>Source Files\Slyvina\June19</Filter>
    </ClCompile>
    <ClCompile Include="..\..\..\Libs\June19\src\june19_listbox.cpp">
      <Filter>Source Files\Slyvina\June19</Filter>
    </ClCompile>
    <ClCompile Include="..\..\..\Libs\June19\src\june19_picture.cpp">
      <Filter>Source Files\Slyvina\June19</Filter>
    </ClCompile>
    <ClCompile Include="..\..\..\Libs\June19\src\june19_radio.cpp">
      <Filter>Source Files\Slyvina\June19</Filter>
    </ClCompile>
    <ClCompile Include="..\..\..\Libs\June19\src\june19_scrollbar.cpp">
      <Filter>Source Files\Slyvina\June19</Filter>
    </ClCompile>
    <ClCompile Include="..\..\..\Libs\June19\src\june19_tabber.cpp">
      <Filter>Source Files\Slyvina\June19</Filter>
    </ClCompile>
    <ClCompile Include="..\..\..\Libs\June19\src\june19_textfield.cpp">
      <Filter>Source Files\Slyvina\June19</Filter>
    </ClCompile>
    <ClCompile Include="Gyermo_Assets.cpp">
      <Filter>Source Files</Filter>
    </ClCompile>
    <ClCompile Include="Gyermo_ReadJCR.cpp">
      <Filter>Source Files</Filter>
    </ClCompile>
    <ClCompile Include="..\..\..\Libs\Kitty\Source\Kitty_High.cpp">
      <Filter>Source Files\Slyvina\Kitty</Filter>
    </ClCompile>
    <ClCompile Include="..\..\..\Libs\Kitty\Source\KittyHighBASIC.cpp">
      <Filter>Source Files\Slyvina\Kitty</Filter>
    </ClCompile>
    <ClCompile Include="..\..\..\Libs\Kitty\Source\KittyHighBlitzBasic.cpp">
      <Filter>Source Files\Slyvina\Kitty</Filter>
    </ClCompile>
    <ClCompile Include="..\..\..\Libs\Kitty\Source\KittyHighBlitzMax.cpp">
      <Filter>Source Files\Slyvina\Kitty</Filter>
    </ClCompile>
    <ClCompile Include="..\..\..\Libs\Kitty\Source\KittyHighBrainfuck.cpp">
      <Filter>Source Files\Slyvina\Kitty</Filter>
    </ClCompile>
    <ClCompile Include="..\..\..\Libs\Kitty\Source\KittyHighC.cpp">
      <Filter>Source Files\Slyvina\Kitty</Filter>
    </ClCompile>
    <ClCompile Include="..\..\..\Libs\Kitty\Source\KittyHighCobra.cpp">
      <Filter>Source Files\Slyvina\Kitty</Filter>
    </ClCompile>
    <ClCompile Include="..\..\..\Libs\Kitty\Source\KittyHighCS.cpp">
      <Filter>Source Files\Slyvina\Kitty</Filter>
    </ClCompile>
    <ClCompile Include="..\..\..\Libs\Kitty\Source\KittyHighGo.cpp">
      <Filter>Source Files\Slyvina\Kitty</Filter>
    </ClCompile>
    <ClCompile Include="..\..\..\Libs\Kitty\Source\KittyHighHTML.cpp">
      <Filter>Source Files\Slyvina\Kitty</Filter>
    </ClCompile>
    <ClCompile Include="..\..\..\Libs\Kitty\Source\KittyHighINI.cpp">
      <Filter>Source Files\Slyvina\Kitty</Filter>
    </ClCompile>
    <ClCompile Include="..\..\..\Libs\Kitty\Source\KittyHighJava.cpp">
      <Filter>Source Files\Slyvina\Kitty</Filter>
    </ClCompile>
    <ClCompile Include="..\..\..\Libs\Kitty\Source\KittyHighJavaScript.cpp">
      <Filter>Source Files\Slyvina\Kitty</Filter>
    </ClCompile>
    <ClCompile Include="..\..\..\Libs\Kitty\Source\KittyHighNeil.cpp">
      <Filter>Source Files\Slyvina\Kitty</Filter>
    </ClCompile>
    <ClCompile Include="..\..\..\Libs\Kitty\Source\KittyHighNIL.cpp">
      <Filter>Source Files\Slyvina\Kitty</Filter>
    </ClCompile>
    <ClCompile Include="..\..\..\Libs\Kitty\Source\KittyHighPascal.cpp">
      <Filter>Source Files\Slyvina\Kitty</Filter>
    </ClCompile>
    <ClCompile Include="..\..\..\Libs\Kitty\Source\KittyHighPython.cpp">
      <Filter>Source Files\Slyvina\Kitty</Filter>
    </ClCompile>
    <ClCompile Include="..\..\..\Libs\Kitty\Source\KittyHighSASKIA.cpp">
      <Filter>Source Files\Slyvina\Kitty</Filter>
    </ClCompile>
    <ClCompile Include="..\..\..\Libs\Kitty\Source\KittyHighScyndi.cpp">
      <Filter>Source Files\Slyvina\Kitty</Filter>
    </ClCompile>
    <ClCompile Include="..\..\..\Libs\Kitty\Source\KittyHighVisualBasic.cpp">
      <Filter>Source Files\Slyvina\Kitty</Filter>
    </ClCompile>
    <ClCompile Include="..\..\..\Libs\Kitty\Source\KittyHighWhiteSpace.cpp">
      <Filter>Source Files\Slyvina\Kitty</Filter>
    </ClCompile>
    <ClCompile Include="..\..\..\Libs\Kitty\Source\KittyHighXML.cpp">
      <Filter>Source Files\Slyvina\Kitty</Filter>
    </ClCompile>
    <ClCompile Include="Gyermo_View.cpp">
      <Filter>Source Files</Filter>
    </ClCompile>
    <ClCompile Include="..\..\..\Libs\Units\Source\SlyvRequestFile.cpp">
      <Filter>Source Files\Slyvina\Units</Filter>
    </ClCompile>
  </ItemGroup>
  <ItemGroup>
    <ClInclude Include="Gyermo_Colors.hpp">
      <Filter>Header Files</Filter>
    </ClInclude>
    <ClInclude Include="Gyermo_Config.hpp">
      <Filter>Header Files</Filter>
    </ClInclude>
    <ClInclude Include="Gyermo_GUI.hpp">
      <Filter>Header Files</Filter>
    </ClInclude>
    <ClInclude Include="Gyermo_Assets.hpp">
      <Filter>Header Files</Filter>
    </ClInclude>
    <ClInclude Include="Gyermo_ReadJCR.hpp">
      <Filter>Header Files</Filter>
    </ClInclude>
    <ClInclude Include="..\..\..\Libs\Kitty\Headers\High_Headers.hpp">
      <Filter>Header Files\Slyvina\Kitty</Filter>
    </ClInclude>
    <ClInclude Include="..\..\..\Libs\Kitty\Headers\Kitty_High.hpp">
      <Filter>Header Files\Slyvina\Kitty</Filter>
    </ClInclude>
    <ClInclude Include="Gyermo_View.hpp">
      <Filter>Header Files</Filter>
    </ClInclude>
    <ClInclude Include="resource.h">
      <Filter>Header Files</Filter>
    </ClInclude>
  </ItemGroup>
  <ItemGroup>
    <None Include="Gyermo_Jalondi.lua">
      <Filter>Source Files\Script</Filter>
    </None>
  </ItemGroup>
  <ItemGroup>
    <CopyFileToFolders Include="..\..\..\Libs\TQSL\SDL2\libFLAC-8.dll">
      <Filter>Source Files\External\SDL2</Filter>
    </CopyFileToFolders>
    <CopyFileToFolders Include="..\..\..\Libs\JCR6\3rdParty\zlib\zlib.dll">
      <Filter>Source Files\External\zlib</Filter>
    </CopyFileToFolders>
    <CopyFileToFolders Include="..\..\..\Libs\TQSL\SDL2\libjpeg-9.dll">
      <Filter>Source Files\External\SDL2</Filter>
    </CopyFileToFolders>
    <CopyFileToFolders Include="..\..\..\Libs\TQSL\SDL2\libmodplug-1.dll">
      <Filter>Source Files\External\SDL2</Filter>
    </CopyFileToFolders>
    <CopyFileToFolders Include="..\..\..\Libs\TQSL\SDL2\libmpg123-0.dll">
      <Filter>Source Files\External\SDL2</Filter>
    </CopyFileToFolders>
    <CopyFileToFolders Include="..\..\..\Libs\TQSL\SDL2\libogg-0.dll">
      <Filter>Source Files\External\SDL2</Filter>
    </CopyFileToFolders>
    <CopyFileToFolders Include="..\..\..\Libs\TQSL\SDL2\libopus-0.dll">
      <Filter>Source Files\External\SDL2</Filter>
    </CopyFileToFolders>
    <CopyFileToFolders Include="..\..\..\Libs\TQSL\SDL2\libopusfile-0.dll">
      <Filter>Source Files\External\SDL2</Filter>
    </CopyFileToFolders>
    <CopyFileToFolders Include="..\..\..\Libs\TQSL\SDL2\libpng16-16.dll">
      <Filter>Source Files\External\SDL2</Filter>
    </CopyFileToFolders>
    <CopyFileToFolders Include="..\..\..\Libs\TQSL\SDL2\libtiff-5.dll">
      <Filter>Source Files\External\SDL2</Filter>
    </CopyFileToFolders>
    <CopyFileToFolders Include="..\..\..\Libs\TQSL\SDL2\libvorbis-0.dll">
      <Filter>Source Files\External\SDL2</Filter>
    </CopyFileToFolders>
    <CopyFileToFolders Include="..\..\..\Libs\TQSL\SDL2\libvorbisfile-3.dll">
      <Filter>Source Files\External\SDL2</Filter>
    </CopyFileToFolders>
    <CopyFileToFolders Include="..\..\..\Libs\TQSL\SDL2\libwebp-7.dll">
      <Filter>Source Files\External\SDL2</Filter>
    </CopyFileToFolders>
    <CopyFileToFolders Include="..\..\..\Libs\TQSL\SDL2\SDL2.dll">
      <Filter>Source Files\External\SDL2</Filter>
    </CopyFileToFolders>
    <CopyFileToFolders Include="..\..\..\Libs\TQSL\SDL2\SDL2_image.dll">
      <Filter>Source Files\External\SDL2</Filter>
    </CopyFileToFolders>
    <CopyFileToFolders Include="..\..\..\Libs\TQSL\SDL2\SDL2_mixer.dll">
      <Filter>Source Files\External\SDL2</Filter>
    </CopyFileToFolders>
  </ItemGroup>
  <ItemGroup>
    <Library Include="..\..\..\Libs\TQSL\SDL2\SDL2.lib">
      <Filter>Source Files\External\SDL2</Filter>
    </Library>
    <Library Include="..\..\..\Libs\TQSL\SDL2\SDL2_image.lib">
      <Filter>Source Files\External\SDL2</Filter>
    </Library>
    <Library Include="..\..\..\Libs\TQSL\SDL2\SDL2_mixer.lib">
      <Filter>Source Files\External\SDL2</Filter>
    </Library>
    <Library Include="..\..\..\Libs\TQSL\SDL2\SDL2main.lib">
      <Filter>Source Files\External\SDL2</Filter>
    </Library>
    <Library Include="..\..\..\Libs\TQSL\SDL2\SDL2test.lib">
      <Filter>Source Files\External\SDL2</Filter>
    </Library>
    <Library Include="..\..\..\Libs\JCR6\3rdParty\zlib\zlib.lib">
      <Filter>Source Files\External\zlib</Filter>
    </Library>
  </ItemGroup>
  <ItemGroup>
    <ResourceCompile Include="Gyermo.rc">
      <Filter>Resource Files</Filter>
    </ResourceCompile>
  </ItemGroup>
  <ItemGroup>
    <Image Include="JCR.ico">
      <Filter>Resource Files</Filter>
    </Image>
    <Image Include="JCR6.ico">
      <Filter>Resource Files</Filter>
    </Image>
    <Image Include="icon2.ico">
      <Filter>Resource Files</Filter>
    </Image>
  </ItemGroup>
</Project>